
Microsoft Visual Studio Solution File, Format Version 12.00
# Visual Studio Version 17
VisualStudioVersion = 17.5.002.0
MinimumVisualStudioVersion = 10.0.40219.1
Project("{9A19103F-16F7-4668-BE54-9A1E7A4F7556}") = "Clamp", "Clamp\Clamp.csproj", "{E36D0D70-6980-4F9F-A478-BAB7FFED0B3C}"
EndProject
Project("{9A19103F-16F7-4668-BE54-9A1E7A4F7556}") = "Lowercase", "Lowercase\Lowercase.csproj", "{CA7B18AF-7173-4FB4-95C8-FCF924504E00}"
EndProject
Project("{9A19103F-16F7-4668-BE54-9A1E7A4F7556}") = "TicTacToe", "TicTacToe\TicTacToe.csproj", "{18E649BD-FAE4-4D94-8025-83D292C42A51}"
EndProject
Global
	GlobalSection(SolutionConfigurationPlatforms) = preSolution
		Debug|Any CPU = Debug|Any CPU
		Release|Any CPU = Release|Any CPU
	EndGlobalSection
	GlobalSection(ProjectConfigurationPlatforms) = postSolution
		{E36D0D70-6980-4F9F-A478-BAB7FFED0B3C}.Debug|Any CPU.ActiveCfg = Debug|Any CPU
		{E36D0D70-6980-4F9F-A478-BAB7FFED0B3C}.Debug|Any CPU.Build.0 = Debug|Any CPU
		{E36D0D70-6980-4F9F-A478-BAB7FFED0B3C}.Release|Any CPU.ActiveCfg = Release|Any CPU
		{E36D0D70-6980-4F9F-A478-BAB7FFED0B3C}.Release|Any CPU.Build.0 = Release|Any CPU
		{CA7B18AF-7173-4FB4-95C8-FCF924504E00}.Debug|Any CPU.ActiveCfg = Debug|Any CPU
		{CA7B18AF-7173-4FB4-95C8-FCF924504E00}.Debug|Any CPU.Build.0 = Debug|Any CPU
		{CA7B18AF-7173-4FB4-95C8-FCF924504E00}.Release|Any CPU.ActiveCfg = Release|Any CPU
		{CA7B18AF-7173-4FB4-95C8-FCF924504E00}.Release|Any CPU.Build.0 = Release|Any CPU
		{18E649BD-FAE4-4D94-8025-83D292C42A51}.Debug|Any CPU.ActiveCfg = Debug|Any CPU
		{18E649BD-FAE4-4D94-8025-83D292C42A51}.Debug|Any CPU.Build.0 = Debug|Any CPU
		{18E649BD-FAE4-4D94-8025-83D292C42A51}.Release|Any CPU.ActiveCfg = Release|Any CPU
		{18E649BD-FAE4-4D94-8025-83D292C42A51}.Release|Any CPU.Build.0 = Release|Any CPU
	EndGlobalSection
	GlobalSection(SolutionProperties) = preSolution
		HideSolutionNode = FALSE
	EndGlobalSection
	GlobalSection(ExtensibilityGlobals) = postSolution
		SolutionGuid = {8FA784A1-D359-47FF-B28F-C7C0181C7791}
	EndGlobalSection
EndGlobal
